// !$*UTF8*$!
{
	archiveVersion = 1;
	classes = {
	};
	objectVersion = 50;
	objects = {

/* Begin PBXBuildFile section */
		60CABCB026B84D390025D6D2 /* AppDelegate.swift in Sources */ = {isa = PBXBuildFile; fileRef = 60CABCAF26B84D390025D6D2 /* AppDelegate.swift */; };
		60CABCB226B84D390025D6D2 /* SceneDelegate.swift in Sources */ = {isa = PBXBuildFile; fileRef = 60CABCB126B84D390025D6D2 /* SceneDelegate.swift */; };
		60CABCB726B84D390025D6D2 /* Main.storyboard in Resources */ = {isa = PBXBuildFile; fileRef = 60CABCB526B84D390025D6D2 /* Main.storyboard */; };
		60CABCB926B84D3B0025D6D2 /* Assets.xcassets in Resources */ = {isa = PBXBuildFile; fileRef = 60CABCB826B84D3B0025D6D2 /* Assets.xcassets */; };
		60CABCBC26B84D3B0025D6D2 /* LaunchScreen.storyboard in Resources */ = {isa = PBXBuildFile; fileRef = 60CABCBA26B84D3B0025D6D2 /* LaunchScreen.storyboard */; };
		60CABCCC26B877000025D6D2 /* MovieTableViewController.swift in Sources */ = {isa = PBXBuildFile; fileRef = 60CABCCB26B877000025D6D2 /* MovieTableViewController.swift */; };
		60CABCCE26B877420025D6D2 /* MusicTableViewController.swift in Sources */ = {isa = PBXBuildFile; fileRef = 60CABCCD26B877420025D6D2 /* MusicTableViewController.swift */; };
		60CABCD026B882420025D6D2 /* Song.swift in Sources */ = {isa = PBXBuildFile; fileRef = 60CABCCF26B882420025D6D2 /* Song.swift */; };
		60CABCD226B8834C0025D6D2 /* DataManager.swift in Sources */ = {isa = PBXBuildFile; fileRef = 60CABCD126B8834C0025D6D2 /* DataManager.swift */; };
		60CABCD426B884760025D6D2 /* Movie.swift in Sources */ = {isa = PBXBuildFile; fileRef = 60CABCD326B884760025D6D2 /* Movie.swift */; };
		60CABCD626B885050025D6D2 /* MovieDataManager.swift in Sources */ = {isa = PBXBuildFile; fileRef = 60CABCD526B885050025D6D2 /* MovieDataManager.swift */; };
		60CABCD826B89A490025D6D2 /* MovieTableViewCell.swift in Sources */ = {isa = PBXBuildFile; fileRef = 60CABCD726B89A490025D6D2 /* MovieTableViewCell.swift */; };
/* End PBXBuildFile section */

/* Begin PBXFileReference section */
		60CABCAC26B84D390025D6D2 /* TableList.app */ = {isa = PBXFileReference; explicitFileType = wrapper.application; includeInIndex = 0; path = TableList.app; sourceTree = BUILT_PRODUCTS_DIR; };
		60CABCAF26B84D390025D6D2 /* AppDelegate.swift */ = {isa = PBXFileReference; lastKnownFileType = sourcecode.swift; path = AppDelegate.swift; sourceTree = "<group>"; };
		60CABCB126B84D390025D6D2 /* SceneDelegate.swift */ = {isa = PBXFileReference; lastKnownFileType = sourcecode.swift; path = SceneDelegate.swift; sourceTree = "<group>"; };
		60CABCB626B84D390025D6D2 /* Base */ = {isa = PBXFileReference; lastKnownFileType = file.storyboard; name = Base; path = Base.lproj/Main.storyboard; sourceTree = "<group>"; };
		60CABCB826B84D3B0025D6D2 /* Assets.xcassets */ = {isa = PBXFileReference; lastKnownFileType = folder.assetcatalog; path = Assets.xcassets; sourceTree = "<group>"; };
		60CABCBB26B84D3B0025D6D2 /* Base */ = {isa = PBXFileReference; lastKnownFileType = file.storyboard; name = Base; path = Base.lproj/LaunchScreen.storyboard; sourceTree = "<group>"; };
		60CABCBD26B84D3B0025D6D2 /* Info.plist */ = {isa = PBXFileReference; lastKnownFileType = text.plist.xml; path = Info.plist; sourceTree = "<group>"; };
		60CABCCB26B877000025D6D2 /* MovieTableViewController.swift */ = {isa = PBXFileReference; lastKnownFileType = sourcecode.swift; path = MovieTableViewController.swift; sourceTree = "<group>"; };
		60CABCCD26B877420025D6D2 /* MusicTableViewController.swift */ = {isa = PBXFileReference; lastKnownFileType = sourcecode.swift; path = MusicTableViewController.swift; sourceTree = "<group>"; };
		60CABCCF26B882420025D6D2 /* Song.swift */ = {isa = PBXFileReference; lastKnownFileType = sourcecode.swift; path = Song.swift; sourceTree = "<group>"; };
		60CABCD126B8834C0025D6D2 /* DataManager.swift */ = {isa = PBXFileReference; lastKnownFileType = sourcecode.swift; path = DataManager.swift; sourceTree = "<group>"; };
		60CABCD326B884760025D6D2 /* Movie.swift */ = {isa = PBXFileReference; lastKnownFileType = sourcecode.swift; path = Movie.swift; sourceTree = "<group>"; };
		60CABCD526B885050025D6D2 /* MovieDataManager.swift */ = {isa = PBXFileReference; lastKnownFileType = sourcecode.swift; path = MovieDataManager.swift; sourceTree = "<group>"; };
		60CABCD726B89A490025D6D2 /* MovieTableViewCell.swift */ = {isa = PBXFileReference; lastKnownFileType = sourcecode.swift; name = MovieTableViewCell.swift; path = TableList/Controller/MovieTableViewCell.swift; sourceTree = SOURCE_ROOT; };
/* End PBXFileReference section */

/* Begin PBXFrameworksBuildPhase section */
		60CABCA926B84D390025D6D2 /* Frameworks */ = {
			isa = PBXFrameworksBuildPhase;
			buildActionMask = 2147483647;
			files = (
			);
			runOnlyForDeploymentPostprocessing = 0;
		};
/* End PBXFrameworksBuildPhase section */

/* Begin PBXGroup section */
		60CABCA326B84D390025D6D2 = {
			isa = PBXGroup;
			children = (
				60CABCAE26B84D390025D6D2 /* TableList */,
				60CABCAD26B84D390025D6D2 /* Products */,
			);
			sourceTree = "<group>";
		};
		60CABCAD26B84D390025D6D2 /* Products */ = {
			isa = PBXGroup;
			children = (
				60CABCAC26B84D390025D6D2 /* TableList.app */,
			);
			name = Products;
			sourceTree = "<group>";
		};
		60CABCAE26B84D390025D6D2 /* TableList */ = {
			isa = PBXGroup;
			children = (
				60CABCC426B84D660025D6D2 /* AppDelegate */,
				60CABCC326B84D5A0025D6D2 /* Model */,
				60CABCC826B873080025D6D2 /* View */,
				60CABCC526B84F680025D6D2 /* Controller */,
				60CABCB826B84D3B0025D6D2 /* Assets.xcassets */,
				60CABCBD26B84D3B0025D6D2 /* Info.plist */,
			);
			path = TableList;
			sourceTree = "<group>";
		};
		60CABCC326B84D5A0025D6D2 /* Model */ = {
			isa = PBXGroup;
			children = (
				60CABCCF26B882420025D6D2 /* Song.swift */,
				60CABCD126B8834C0025D6D2 /* DataManager.swift */,
				60CABCD326B884760025D6D2 /* Movie.swift */,
				60CABCD526B885050025D6D2 /* MovieDataManager.swift */,
			);
			path = Model;
			sourceTree = "<group>";
		};
		60CABCC426B84D660025D6D2 /* AppDelegate */ = {
			isa = PBXGroup;
			children = (
				60CABCAF26B84D390025D6D2 /* AppDelegate.swift */,
				60CABCB126B84D390025D6D2 /* SceneDelegate.swift */,
			);
			path = AppDelegate;
			sourceTree = "<group>";
		};
		60CABCC526B84F680025D6D2 /* Controller */ = {
			isa = PBXGroup;
			children = (
				60CABCCD26B877420025D6D2 /* MusicTableViewController.swift */,
				60CABCCB26B877000025D6D2 /* MovieTableViewController.swift */,
				60CABCD726B89A490025D6D2 /* MovieTableViewCell.swift */,
			);
			path = Controller;
			sourceTree = "<group>";
		};
		60CABCC826B873080025D6D2 /* View */ = {
			isa = PBXGroup;
			children = (
				60CABCB526B84D390025D6D2 /* Main.storyboard */,
				60CABCBA26B84D3B0025D6D2 /* LaunchScreen.storyboard */,
			);
			path = View;
			sourceTree = "<group>";
		};
/* End PBXGroup section */

/* Begin PBXNativeTarget section */
		60CABCAB26B84D390025D6D2 /* TableList */ = {
			isa = PBXNativeTarget;
			buildConfigurationList = 60CABCC026B84D3B0025D6D2 /* Build configuration list for PBXNativeTarget "TableList" */;
			buildPhases = (
				60CABCA826B84D390025D6D2 /* Sources */,
				60CABCA926B84D390025D6D2 /* Frameworks */,
				60CABCAA26B84D390025D6D2 /* Resources */,
			);
			buildRules = (
			);
			dependencies = (
			);
			name = TableList;
			productName = TableList;
			productReference = 60CABCAC26B84D390025D6D2 /* TableList.app */;
			productType = "com.apple.product-type.application";
		};
/* End PBXNativeTarget section */

/* Begin PBXProject section */
		60CABCA426B84D390025D6D2 /* Project object */ = {
			isa = PBXProject;
			attributes = {
				LastSwiftUpdateCheck = 1250;
				LastUpgradeCheck = 1250;
				TargetAttributes = {
					60CABCAB26B84D390025D6D2 = {
						CreatedOnToolsVersion = 12.5.1;
					};
				};
			};
			buildConfigurationList = 60CABCA726B84D390025D6D2 /* Build configuration list for PBXProject "TableList" */;
			compatibilityVersion = "Xcode 9.3";
			developmentRegion = en;
			hasScannedForEncodings = 0;
			knownRegions = (
				en,
				Base,
			);
			mainGroup = 60CABCA326B84D390025D6D2;
			productRefGroup = 60CABCAD26B84D390025D6D2 /* Products */;
			projectDirPath = "";
			projectRoot = "";
			targets = (
				60CABCAB26B84D390025D6D2 /* TableList */,
			);
		};
/* End PBXProject section */

/* Begin PBXResourcesBuildPhase section */
		60CABCAA26B84D390025D6D2 /* Resources */ = {
			isa = PBXResourcesBuildPhase;
			buildActionMask = 2147483647;
			files = (
				60CABCBC26B84D3B0025D6D2 /* LaunchScreen.storyboard in Resources */,
				60CABCB926B84D3B0025D6D2 /* Assets.xcassets in Resources */,
				60CABCB726B84D390025D6D2 /* Main.storyboard in Resources */,
			);
			runOnlyForDeploymentPostprocessing = 0;
		};
/* End PBXResourcesBuildPhase section */

/* Begin PBXSourcesBuildPhase section */
		60CABCA826B84D390025D6D2 /* Sources */ = {
			isa = PBXSourcesBuildPhase;
			buildActionMask = 2147483647;
			files = (
				60CABCD426B884760025D6D2 /* Movie.swift in Sources */,
				60CABCCC26B877000025D6D2 /* MovieTableViewController.swift in Sources */,
				60CABCD826B89A490025D6D2 /* MovieTableViewCell.swift in Sources */,
				60CABCD226B8834C0025D6D2 /* DataManager.swift in Sources */,
				60CABCCE26B877420025D6D2 /* MusicTableViewController.swift in Sources */,
				60CABCB026B84D390025D6D2 /* AppDelegate.swift in Sources */,
				60CABCB226B84D390025D6D2 /* SceneDelegate.swift in Sources */,
				60CABCD626B885050025D6D2 /* MovieDataManager.swift in Sources */,
				60CABCD026B882420025D6D2 /* Song.swift in Sources */,
			);
			runOnlyForDeploymentPostprocessing = 0;
		};
/* End PBXSourcesBuildPhase section */

/* Begin PBXVariantGroup section */
		60CABCB526B84D390025D6D2 /* Main.storyboard */ = {
			isa = PBXVariantGroup;
			children = (
				60CABCB626B84D390025D6D2 /* Base */,
			);
			name = Main.storyboard;
			sourceTree = "<group>";
		};
		60CABCBA26B84D3B0025D6D2 /* LaunchScreen.storyboard */ = {
			isa = PBXVariantGroup;
			children = (
				60CABCBB26B84D3B0025D6D2 /* Base */,
			);
			name = LaunchScreen.storyboard;
			sourceTree = "<group>";
		};
/* End PBXVariantGroup section */

/* Begin XCBuildConfiguration section */
		60CABCBE26B84D3B0025D6D2 /* Debug */ = {
			isa = XCBuildConfiguration;
			buildSettings = {
				ALWAYS_SEARCH_USER_PATHS = NO;
				CLANG_ANALYZER_NONNULL = YES;
				CLANG_ANALYZER_NUMBER_OBJECT_CONVERSION = YES_AGGRESSIVE;
				CLANG_CXX_LANGUAGE_STANDARD = "gnu++14";
				CLANG_CXX_LIBRARY = "libc++";
				CLANG_ENABLE_MODULES = YES;
				CLANG_ENABLE_OBJC_ARC = YES;
				CLANG_ENABLE_OBJC_WEAK = YES;
				CLANG_WARN_BLOCK_CAPTURE_AUTORELEASING = YES;
				CLANG_WARN_BOOL_CONVERSION = YES;
				CLANG_WARN_COMMA = YES;
				CLANG_WARN_CONSTANT_CONVERSION = YES;
				CLANG_WARN_DEPRECATED_OBJC_IMPLEMENTATIONS = YES;
				CLANG_WARN_DIRECT_OBJC_ISA_USAGE = YES_ERROR;
				CLANG_WARN_DOCUMENTATION_COMMENTS = YES;
				CLANG_WARN_EMPTY_BODY = YES;
				CLANG_WARN_ENUM_CONVERSION = YES;
				CLANG_WARN_INFINITE_RECURSION = YES;
				CLANG_WARN_INT_CONVERSION = YES;
				CLANG_WARN_NON_LITERAL_NULL_CONVERSION = YES;
				CLANG_WARN_OBJC_IMPLICIT_RETAIN_SELF = YES;
				CLANG_WARN_OBJC_LITERAL_CONVERSION = YES;
				CLANG_WARN_OBJC_ROOT_CLASS = YES_ERROR;
				CLANG_WARN_QUOTED_INCLUDE_IN_FRAMEWORK_HEADER = YES;
				CLANG_WARN_RANGE_LOOP_ANALYSIS = YES;
				CLANG_WARN_STRICT_PROTOTYPES = YES;
				CLANG_WARN_SUSPICIOUS_MOVE = YES;
				CLANG_WARN_UNGUARDED_AVAILABILITY = YES_AGGRESSIVE;
				CLANG_WARN_UNREACHABLE_CODE = YES;
				CLANG_WARN__DUPLICATE_METHOD_MATCH = YES;
				COPY_PHASE_STRIP = NO;
				DEBUG_INFORMATION_FORMAT = dwarf;
				ENABLE_STRICT_OBJC_MSGSEND = YES;
				ENABLE_TESTABILITY = YES;
				GCC_C_LANGUAGE_STANDARD = gnu11;
				GCC_DYNAMIC_NO_PIC = NO;
				GCC_NO_COMMON_BLOCKS = YES;
				GCC_OPTIMIZATION_LEVEL = 0;
				GCC_PREPROCESSOR_DEFINITIONS = (
					"DEBUG=1",
					"$(inherited)",
				);
				GCC_WARN_64_TO_32_BIT_CONVERSION = YES;
				GCC_WARN_ABOUT_RETURN_TYPE = YES_ERROR;
				GCC_WARN_UNDECLARED_SELECTOR = YES;
				GCC_WARN_UNINITIALIZED_AUTOS = YES_AGGRESSIVE;
				GCC_WARN_UNUSED_FUNCTION = YES;
				GCC_WARN_UNUSED_VARIABLE = YES;
				IPHONEOS_DEPLOYMENT_TARGET = 14.5;
				MTL_ENABLE_DEBUG_INFO = INCLUDE_SOURCE;
				MTL_FAST_MATH = YES;
				ONLY_ACTIVE_ARCH = YES;
				SDKROOT = iphoneos;
				SWIFT_ACTIVE_COMPILATION_CONDITIONS = DEBUG;
				SWIFT_OPTIMIZATION_LEVEL = "-Onone";
			};
			name = Debug;
		};
		60CABCBF26B84D3B0025D6D2 /* Release */ = {
			isa = XCBuildConfiguration;
			buildSettings = {
				ALWAYS_SEARCH_USER_PATHS = NO;
				CLANG_ANALYZER_NONNULL = YES;
				CLANG_ANALYZER_NUMBER_OBJECT_CONVERSION = YES_AGGRESSIVE;
				CLANG_CXX_LANGUAGE_STANDARD = "gnu++14";
				CLANG_CXX_LIBRARY = "libc++";
				CLANG_ENABLE_MODULES = YES;
				CLANG_ENABLE_OBJC_ARC = YES;
				CLANG_ENABLE_OBJC_WEAK = YES;
				CLANG_WARN_BLOCK_CAPTURE_AUTORELEASING = YES;
				CLANG_WARN_BOOL_CONVERSION = YES;
				CLANG_WARN_COMMA = YES;
				CLANG_WARN_CONSTANT_CONVERSION = YES;
				CLANG_WARN_DEPRECATED_OBJC_IMPLEMENTATIONS = YES;
				CLANG_WARN_DIRECT_OBJC_ISA_USAGE = YES_ERROR;
				CLANG_WARN_DOCUMENTATION_COMMENTS = YES;
				CLANG_WARN_EMPTY_BODY = YES;
				CLANG_WARN_ENUM_CONVERSION = YES;
				CLANG_WARN_INFINITE_RECURSION = YES;
				CLANG_WARN_INT_CONVERSION = YES;
				CLANG_WARN_NON_LITERAL_NULL_CONVERSION = YES;
				CLANG_WARN_OBJC_IMPLICIT_RETAIN_SELF = YES;
				CLANG_WARN_OBJC_LITERAL_CONVERSION = YES;
				CLANG_WARN_OBJC_ROOT_CLASS = YES_ERROR;
				CLANG_WARN_QUOTED_INCLUDE_IN_FRAMEWORK_HEADER = YES;
				CLANG_WARN_RANGE_LOOP_ANALYSIS = YES;
				CLANG_WARN_STRICT_PROTOTYPES = YES;
				CLANG_WARN_SUSPICIOUS_MOVE = YES;
				CLANG_WARN_UNGUARDED_AVAILABILITY = YES_AGGRESSIVE;
				CLANG_WARN_UNREACHABLE_CODE = YES;
				CLANG_WARN__DUPLICATE_METHOD_MATCH = YES;
				COPY_PHASE_STRIP = NO;
				DEBUG_INFORMATION_FORMAT = "dwarf-with-dsym";
				ENABLE_NS_ASSERTIONS = NO;
				ENABLE_STRICT_OBJC_MSGSEND = YES;
				GCC_C_LANGUAGE_STANDARD = gnu11;
				GCC_NO_COMMON_BLOCKS = YES;
				GCC_WARN_64_TO_32_BIT_CONVERSION = YES;
				GCC_WARN_ABOUT_RETURN_TYPE = YES_ERROR;
				GCC_WARN_UNDECLARED_SELECTOR = YES;
				GCC_WARN_UNINITIALIZED_AUTOS = YES_AGGRESSIVE;
				GCC_WARN_UNUSED_FUNCTION = YES;
				GCC_WARN_UNUSED_VARIABLE = YES;
				IPHONEOS_DEPLOYMENT_TARGET = 14.5;
				MTL_ENABLE_DEBUG_INFO = NO;
				MTL_FAST_MATH = YES;
				SDKROOT = iphoneos;
				SWIFT_COMPILATION_MODE = wholemodule;
				SWIFT_OPTIMIZATION_LEVEL = "-O";
				VALIDATE_PRODUCT = YES;
			};
			name = Release;
		};
		60CABCC126B84D3B0025D6D2 /* Debug */ = {
			isa = XCBuildConfiguration;
			buildSettings = {
				ASSETCATALOG_COMPILER_APPICON_NAME = AppIcon;
				ASSETCATALOG_COMPILER_GLOBAL_ACCENT_COLOR_NAME = AccentColor;
				CODE_SIGN_STYLE = Automatic;
				DEVELOPMENT_TEAM = 44ZQRAJX6Y;
				INFOPLIST_FILE = TableList/Info.plist;
				LD_RUNPATH_SEARCH_PATHS = (
					"$(inherited)",
					"@executable_path/Frameworks",
				);
				PRODUCT_BUNDLE_IDENTIFIER = "dkhxd-.TableList";
				PRODUCT_NAME = "$(TARGET_NAME)";
				SWIFT_VERSION = 5.0;
				TARGETED_DEVICE_FAMILY = "1,2";
			};
			name = Debug;
		};
		60CABCC226B84D3B0025D6D2 /* Release */ = {
			isa = XCBuildConfiguration;
			buildSettings = {
				ASSETCATALOG_COMPILER_APPICON_NAME = AppIcon;
				ASSETCATALOG_COMPILER_GLOBAL_ACCENT_COLOR_NAME = AccentColor;
				CODE_SIGN_STYLE = Automatic;
				DEVELOPMENT_TEAM = 44ZQRAJX6Y;
				INFOPLIST_FILE = TableList/Info.plist;
				LD_RUNPATH_SEARCH_PATHS = (
					"$(inherited)",
					"@executable_path/Frameworks",
				);
				PRODUCT_BUNDLE_IDENTIFIER = "dkhxd-.TableList";
				PRODUCT_NAME = "$(TARGET_NAME)";
				SWIFT_VERSION = 5.0;
				TARGETED_DEVICE_FAMILY = "1,2";
			};
			name = Release;
		};
/* End XCBuildConfiguration section */

/* Begin XCConfigurationList section */
		60CABCA726B84D390025D6D2 /* Build configuration list for PBXProject "TableList" */ = {
			isa = XCConfigurationList;
			buildConfigurations = (
				60CABCBE26B84D3B0025D6D2 /* Debug */,
				60CABCBF26B84D3B0025D6D2 /* Release */,
			);
			defaultConfigurationIsVisible = 0;
			defaultConfigurationName = Release;
		};
		60CABCC026B84D3B0025D6D2 /* Build configuration list for PBXNativeTarget "TableList" */ = {
			isa = XCConfigurationList;
			buildConfigurations = (
				60CABCC126B84D3B0025D6D2 /* Debug */,
				60CABCC226B84D3B0025D6D2 /* Release */,
			);
			defaultConfigurationIsVisible = 0;
			defaultConfigurationName = Release;
		};
/* End XCConfigurationList section */
	};
	rootObject = 60CABCA426B84D390025D6D2 /* Project object */;
}
